
Microsoft Visual Studio Solution File, Format Version 12.00
# Visual Studio Version 17
VisualStudioVersion = 17.11.35222.181
MinimumVisualStudioVersion = 10.0.40219.1
Project("{FAE04EC0-301F-11D3-BF4B-00C04F79EFBC}") = "DemoGitHub1", "DemoGitHub1\DemoGitHub1.csproj", "{37B4D5DE-9C24-43B7-BF16-6D7CB327859C}"
EndProject
Global
	GlobalSection(SolutionConfigurationPlatforms) = preSolution
		Debug|Any CPU = Debug|Any CPU
		Release|Any CPU = Release|Any CPU
	EndGlobalSection
	GlobalSection(ProjectConfigurationPlatforms) = postSolution
		{37B4D5DE-9C24-43B7-BF16-6D7CB327859C}.Debug|Any CPU.ActiveCfg = Debug|Any CPU
		{37B4D5DE-9C24-43B7-BF16-6D7CB327859C}.Debug|Any CPU.Build.0 = Debug|Any CPU
		{37B4D5DE-9C24-43B7-BF16-6D7CB327859C}.Release|Any CPU.ActiveCfg = Release|Any CPU
		{37B4D5DE-9C24-43B7-BF16-6D7CB327859C}.Release|Any CPU.Build.0 = Release|Any CPU
	EndGlobalSection
	GlobalSection(SolutionProperties) = preSolution
		HideSolutionNode = FALSE
	EndGlobalSection
	GlobalSection(ExtensibilityGlobals) = postSolution
		SolutionGuid = {DBCF176D-0401-4DAB-B8C8-9914E64CC6BB}
	EndGlobalSection
EndGlobal
